
Microsoft Visual Studio Solution File, Format Version 12.00
# Visual Studio Version 17
VisualStudioVersion = 17.2.32616.157
MinimumVisualStudioVersion = 10.0.40219.1
Project("{FAE04EC0-301F-11D3-BF4B-00C04F79EFBC}") = "Count_LAB", "Count_LAB.csproj", "{82F2EECC-87C8-47B7-BAEE-01BE7850DDDA}"
EndProject
Global
	GlobalSection(SolutionConfigurationPlatforms) = preSolution
		Debug|Any CPU = Debug|Any CPU
		Release|Any CPU = Release|Any CPU
	EndGlobalSection
	GlobalSection(ProjectConfigurationPlatforms) = postSolution
		{82F2EECC-87C8-47B7-BAEE-01BE7850DDDA}.Debug|Any CPU.ActiveCfg = Debug|Any CPU
		{82F2EECC-87C8-47B7-BAEE-01BE7850DDDA}.Debug|Any CPU.Build.0 = Debug|Any CPU
		{82F2EECC-87C8-47B7-BAEE-01BE7850DDDA}.Release|Any CPU.ActiveCfg = Release|Any CPU
		{82F2EECC-87C8-47B7-BAEE-01BE7850DDDA}.Release|Any CPU.Build.0 = Release|Any CPU
	EndGlobalSection
	GlobalSection(SolutionProperties) = preSolution
		HideSolutionNode = FALSE
	EndGlobalSection
	GlobalSection(ExtensibilityGlobals) = postSolution
		SolutionGuid = {CE3E7F27-7DBF-4352-8A94-3223B967706F}
	EndGlobalSection
EndGlobal
